{
  "name": "lab",
  "version": "1.0.0",
  "lockfileVersion": 3,
  "requires": true,
  "packages": {
    "": {
      "name": "lab",
      "version": "1.0.0",
      "hasInstallScript": true,
      "license": "ISC",
      "dependencies": {
        "@pablovaz/tables": "^1.1.0"
      }
    },
    "../tables": {
      "name": "@pablovaz/tables",
      "version": "1.1.0",
      "license": "ISC"
    },
    "node_modules/@pablovaz/tables": {
      "resolved": "../tables",
      "link": true
    }
  }
}
